
Microsoft Visual Studio Solution File, Format Version 12.00
# Visual Studio 15
VisualStudioVersion = 15.0.27703.2018
MinimumVisualStudioVersion = 10.0.40219.1
Project("{9A19103F-16F7-4668-BE54-9A1E7A4F7556}") = "MySite.Shared", "MySite.Shared\MySite.Shared.csproj", "{9841088B-B506-4BAD-9AE9-1B9051F276BC}"
EndProject
Project("{9A19103F-16F7-4668-BE54-9A1E7A4F7556}") = "MySite.Server", "MySite.Server\MySite.Server.csproj", "{F82582CC-66D4-4471-B40B-3A108C3F9CC9}"
EndProject
Project("{2150E333-8FDC-42A3-9474-1A3956D46DE8}") = "0-Common", "0-Common", "{1C3AB1C6-74E6-4C76-95CF-D71DB064FB96}"
EndProject
Project("{2150E333-8FDC-42A3-9474-1A3956D46DE8}") = "1-Client (frontend)", "1-Client (frontend)", "{5EC4974E-607C-4C59-8AF4-DD877743BFC2}"
EndProject
Project("{2150E333-8FDC-42A3-9474-1A3956D46DE8}") = "2-Server (backend)", "2-Server (backend)", "{D345F164-0349-4478-92F0-0F952F8421BE}"
EndProject
Global
	GlobalSection(SolutionConfigurationPlatforms) = preSolution
		Debug|Any CPU = Debug|Any CPU
		Release|Any CPU = Release|Any CPU
	EndGlobalSection
	GlobalSection(ProjectConfigurationPlatforms) = postSolution
		{9841088B-B506-4BAD-9AE9-1B9051F276BC}.Debug|Any CPU.ActiveCfg = Debug|Any CPU
		{9841088B-B506-4BAD-9AE9-1B9051F276BC}.Debug|Any CPU.Build.0 = Debug|Any CPU
		{9841088B-B506-4BAD-9AE9-1B9051F276BC}.Release|Any CPU.ActiveCfg = Release|Any CPU
		{9841088B-B506-4BAD-9AE9-1B9051F276BC}.Release|Any CPU.Build.0 = Release|Any CPU
		{F82582CC-66D4-4471-B40B-3A108C3F9CC9}.Debug|Any CPU.ActiveCfg = Debug|Any CPU
		{F82582CC-66D4-4471-B40B-3A108C3F9CC9}.Debug|Any CPU.Build.0 = Debug|Any CPU
		{F82582CC-66D4-4471-B40B-3A108C3F9CC9}.Release|Any CPU.ActiveCfg = Release|Any CPU
		{F82582CC-66D4-4471-B40B-3A108C3F9CC9}.Release|Any CPU.Build.0 = Release|Any CPU
	EndGlobalSection
	GlobalSection(SolutionProperties) = preSolution
		HideSolutionNode = FALSE
	EndGlobalSection
	GlobalSection(NestedProjects) = preSolution
		{9841088B-B506-4BAD-9AE9-1B9051F276BC} = {1C3AB1C6-74E6-4C76-95CF-D71DB064FB96}
		{F82582CC-66D4-4471-B40B-3A108C3F9CC9} = {D345F164-0349-4478-92F0-0F952F8421BE}
	EndGlobalSection
	GlobalSection(ExtensibilityGlobals) = postSolution
		SolutionGuid = {8CE41E3E-F65F-42A8-8315-E32646272326}
	EndGlobalSection
EndGlobal
